
Microsoft Visual Studio Solution File, Format Version 12.00
# Visual Studio Version 16
VisualStudioVersion = 16.0.30225.117
MinimumVisualStudioVersion = 10.0.40219.1
Project("{FAE04EC0-301F-11D3-BF4B-00C04F79EFBC}") = "FullDotNet", "FullDotNet\FullDotNet\FullDotNet.csproj", "{65D8F59F-C3F3-41DC-B837-332E31E7CE69}"
EndProject
Project("{FAE04EC0-301F-11D3-BF4B-00C04F79EFBC}") = "SeparateControllers", "SeparateControllers\SeparateControllers.csproj", "{DC35965A-7497-469F-8E87-8BCEED0D2AA6}"
EndProject
Project("{9A19103F-16F7-4668-BE54-9A1E7A4F7556}") = "SelfHost", "SelfHost\SelfHost.csproj", "{1756958D-41B7-4D8A-BA42-702E6B862A88}"
EndProject
Project("{9A19103F-16F7-4668-BE54-9A1E7A4F7556}") = "SelfHost2", "SelfHost2\SelfHost2.csproj", "{369BB40E-9BC1-4580-99D4-E6F0B418E84A}"
EndProject
Project("{FAE04EC0-301F-11D3-BF4B-00C04F79EFBC}") = "ODataRuntime", "ODataRuntime\ODataRuntime.csproj", "{2201FBED-3646-438D-BD9A-2029F79946B5}"
EndProject
Project("{FAE04EC0-301F-11D3-BF4B-00C04F79EFBC}") = "ODataRuntime.Impl", "ODataRuntime.Impl\ODataRuntime.Impl.csproj", "{A154A518-AA78-4625-B1DD-64B975F724BF}"
EndProject
Global
	GlobalSection(SolutionConfigurationPlatforms) = preSolution
		Debug|Any CPU = Debug|Any CPU
		Release|Any CPU = Release|Any CPU
	EndGlobalSection
	GlobalSection(ProjectConfigurationPlatforms) = postSolution
		{65D8F59F-C3F3-41DC-B837-332E31E7CE69}.Debug|Any CPU.ActiveCfg = Debug|Any CPU
		{65D8F59F-C3F3-41DC-B837-332E31E7CE69}.Debug|Any CPU.Build.0 = Debug|Any CPU
		{65D8F59F-C3F3-41DC-B837-332E31E7CE69}.Release|Any CPU.ActiveCfg = Release|Any CPU
		{65D8F59F-C3F3-41DC-B837-332E31E7CE69}.Release|Any CPU.Build.0 = Release|Any CPU
		{DC35965A-7497-469F-8E87-8BCEED0D2AA6}.Debug|Any CPU.ActiveCfg = Debug|Any CPU
		{DC35965A-7497-469F-8E87-8BCEED0D2AA6}.Debug|Any CPU.Build.0 = Debug|Any CPU
		{DC35965A-7497-469F-8E87-8BCEED0D2AA6}.Release|Any CPU.ActiveCfg = Release|Any CPU
		{DC35965A-7497-469F-8E87-8BCEED0D2AA6}.Release|Any CPU.Build.0 = Release|Any CPU
		{1756958D-41B7-4D8A-BA42-702E6B862A88}.Debug|Any CPU.ActiveCfg = Debug|Any CPU
		{1756958D-41B7-4D8A-BA42-702E6B862A88}.Debug|Any CPU.Build.0 = Debug|Any CPU
		{1756958D-41B7-4D8A-BA42-702E6B862A88}.Release|Any CPU.ActiveCfg = Release|Any CPU
		{1756958D-41B7-4D8A-BA42-702E6B862A88}.Release|Any CPU.Build.0 = Release|Any CPU
		{369BB40E-9BC1-4580-99D4-E6F0B418E84A}.Debug|Any CPU.ActiveCfg = Debug|Any CPU
		{369BB40E-9BC1-4580-99D4-E6F0B418E84A}.Debug|Any CPU.Build.0 = Debug|Any CPU
		{369BB40E-9BC1-4580-99D4-E6F0B418E84A}.Release|Any CPU.ActiveCfg = Release|Any CPU
		{369BB40E-9BC1-4580-99D4-E6F0B418E84A}.Release|Any CPU.Build.0 = Release|Any CPU
		{2201FBED-3646-438D-BD9A-2029F79946B5}.Debug|Any CPU.ActiveCfg = Debug|Any CPU
		{2201FBED-3646-438D-BD9A-2029F79946B5}.Debug|Any CPU.Build.0 = Debug|Any CPU
		{2201FBED-3646-438D-BD9A-2029F79946B5}.Release|Any CPU.ActiveCfg = Release|Any CPU
		{2201FBED-3646-438D-BD9A-2029F79946B5}.Release|Any CPU.Build.0 = Release|Any CPU
		{A154A518-AA78-4625-B1DD-64B975F724BF}.Debug|Any CPU.ActiveCfg = Debug|Any CPU
		{A154A518-AA78-4625-B1DD-64B975F724BF}.Debug|Any CPU.Build.0 = Debug|Any CPU
		{A154A518-AA78-4625-B1DD-64B975F724BF}.Release|Any CPU.ActiveCfg = Release|Any CPU
		{A154A518-AA78-4625-B1DD-64B975F724BF}.Release|Any CPU.Build.0 = Release|Any CPU
	EndGlobalSection
	GlobalSection(SolutionProperties) = preSolution
		HideSolutionNode = FALSE
	EndGlobalSection
	GlobalSection(ExtensibilityGlobals) = postSolution
		SolutionGuid = {9762617B-3684-4EBD-BFDC-E5730192A247}
	EndGlobalSection
EndGlobal
